{
  "name": "watchparty",
  "lockfileVersion": 3,
  "requires": true,
  "packages": {
    "": {
      "name": "watchparty",
      "dependencies": {
        "emoji-picker-element": "^1.29.1",
        "emoji-picker-element-data": "^1.8.0",
        "ws": "^8.20.0"
      },
      "devDependencies": {
        "chokidar": "^4.0.0"
      }
    },
    "node_modules/chokidar": {
      "version": "4.0.3",
      "resolved": "https://registry.npmjs.org/chokidar/-/chokidar-4.0.3.tgz",
      "integrity": "sha512-Qgzu8kfBvo+cA4962jnP1KkS6Dop5NS6g7R5LFYJr4b8Ub94PPQXUksCw9PvXoeXPRRddRNC5C1JQUR2SMGtnA==",
      "dev": true,
      "license": "MIT",
      "dependencies": {
        "readdirp": "^4.0.1"
      },
      "engines": {
        "node": ">= 14.16.0"
      },
      "funding": {
        "url": "https://paulmillr.com/funding/"
      }
    },
    "node_modules/emoji-picker-element": {
      "version": "1.29.1",
      "resolved": "https://registry.npmjs.org/emoji-picker-element/-/emoji-picker-element-1.29.1.tgz",
      "integrity": "sha512-TOiHzu9Dqib3x4MwcAi3wi3RdyT4SoeB4b15AvH1ks4SBwTl7DeebhZ0d3x6dNi4XfNU7IGRZ7NBQllj0RqwrQ==",
      "license": "Apache-2.0"
    },
    "node_modules/emoji-picker-element-data": {
      "version": "1.8.0",
      "resolved": "https://registry.npmjs.org/emoji-picker-element-data/-/emoji-picker-element-data-1.8.0.tgz",
      "integrity": "sha512-VfRuRJNEDLS1JKlNS4olaqhjX5S1nnZ+ZHG73b/dV8QeZyi0yPruTPEE72EmF6XO3k/9hj3lybMIYMOYXb/57A==",
      "license": "Apache-2.0"
    },
    "node_modules/readdirp": {
      "version": "4.1.2",
      "resolved": "https://registry.npmjs.org/readdirp/-/readdirp-4.1.2.tgz",
      "integrity": "sha512-GDhwkLfywWL2s6vEjyhri+eXmfH6j1L7JE27WhqLeYzoh/A3DBaYGEj2H/HFZCn/kMfim73FXxEJTw06WtxQwg==",
      "dev": true,
      "license": "MIT",
      "engines": {
        "node": ">= 14.18.0"
      },
      "funding": {
        "type": "individual",
        "url": "https://paulmillr.com/funding/"
      }
    },
    "node_modules/ws": {
      "version": "8.20.0",
      "resolved": "https://registry.npmjs.org/ws/-/ws-8.20.0.tgz",
      "integrity": "sha512-sAt8BhgNbzCtgGbt2OxmpuryO63ZoDk/sqaB/znQm94T4fCEsy/yV+7CdC1kJhOU9lboAEU7R3kquuycDoibVA==",
      "license": "MIT",
      "engines": {
        "node": ">=10.0.0"
      },
      "peerDependencies": {
        "bufferutil": "^4.0.1",
        "utf-8-validate": ">=5.0.2"
      },
      "peerDependenciesMeta": {
        "bufferutil": {
          "optional": true
        },
        "utf-8-validate": {
          "optional": true
        }
      }
    }
  }
}
